<?xml version="1.0" encoding="utf-8"?>
<Project ToolsVersion="4.0" xmlns="http://schemas.microsoft.com/developer/msbuild/2003">
  <ItemGroup>
    <Filter Include="Файлы исходного кода">
      <UniqueIdentifier>{4FC737F1-C7A5-4376-A066-2A32D752A2FF}</UniqueIdentifier>
      <Extensions>cpp;c;cc;cxx;def;odl;idl;hpj;bat;asm;asmx</Extensions>
    </Filter>
    <Filter Include="Заголовочные файлы">
      <UniqueIdentifier>{93995380-89BD-4b04-88EB-625FBE52EBFB}</UniqueIdentifier>
      <Extensions>h;hh;hpp;hxx;hm;inl;inc;xsd</Extensions>
    </Filter>
    <Filter Include="Файлы ресурсов">
      <UniqueIdentifier>{67DA6AB6-F800-4c08-8B7A-83BB121AAD01}</UniqueIdentifier>
      <Extensions>rc;ico;cur;bmp;dlg;rc2;rct;bin;rgs;gif;jpg;jpeg;jpe;resx;tiff;tif;png;wav;mfcribbon-ms</Extensions>
    </Filter>
  </ItemGroup>
  <ItemGroup>
    <ClCompile Include="main.cpp">
      <Filter>Файлы исходного кода</Filter>
    </ClCompile>
    <ClCompile Include="MainWindow.cpp">
      <Filter>Файлы исходного кода</Filter>
    </ClCompile>
    <ClCompile Include="EditWindow.cpp">
      <Filter>Файлы исходного кода</Filter>
    </ClCompile>
    <ClCompile Include="FractionSymbol.cpp">
      <Filter>Файлы исходного кода</Filter>
    </ClCompile>
    <ClCompile Include="LineOfSymbols.cpp">
      <Filter>Файлы исходного кода</Filter>
    </ClCompile>
    <ClCompile Include="SimpleSymbol.cpp">
      <Filter>Файлы исходного кода</Filter>
    </ClCompile>
    <ClCompile Include="CommandHandler.cpp">
      <Filter>Файлы исходного кода</Filter>
    </ClCompile>
    <ClCompile Include="ItemSelector.cpp">
      <Filter>Файлы исходного кода</Filter>
    </ClCompile>
    <ClCompile Include="SigmaSymbol.cpp">
      <Filter>Файлы исходного кода</Filter>
    </ClCompile>
    <ClCompile Include="IndexSymbol.cpp">
      <Filter>Файлы исходного кода</Filter>
    </ClCompile>
    <ClCompile Include="instruments.cpp">
      <Filter>Файлы исходного кода</Filter>
    </ClCompile>
    <ClCompile Include="RootSymbol.cpp">
      <Filter>Файлы исходного кода</Filter>
    </ClCompile>
    <ClCompile Include="FunctionSymbol.cpp">
      <Filter>Файлы исходного кода</Filter>
    </ClCompile>
    <ClCompile Include="EditWindowDrawer.cpp">
      <Filter>Файлы исходного кода</Filter>
    </ClCompile>
    <ClCompile Include="PositionFinder.cpp">
      <Filter>Файлы исходного кода</Filter>
    </ClCompile>
  </ItemGroup>
  <ItemGroup>
    <ClInclude Include="MainWindow.h">
      <Filter>Заголовочные файлы</Filter>
    </ClInclude>
    <ClInclude Include="EditWindow.h">
      <Filter>Заголовочные файлы</Filter>
    </ClInclude>
    <ClInclude Include="FractionSymbol.h">
      <Filter>Заголовочные файлы</Filter>
    </ClInclude>
    <ClInclude Include="LineOfSymbols.h">
      <Filter>Заголовочные файлы</Filter>
    </ClInclude>
    <ClInclude Include="SimpleSymbol.h">
      <Filter>Заголовочные файлы</Filter>
    </ClInclude>
    <ClInclude Include="Symbol.h">
      <Filter>Заголовочные файлы</Filter>
    </ClInclude>
    <ClInclude Include="RibbonIDs.h">
      <Filter>Заголовочные файлы</Filter>
    </ClInclude>
    <ClInclude Include="CommandHandler.h">
      <Filter>Заголовочные файлы</Filter>
    </ClInclude>
    <ClInclude Include="ItemSelector.h">
      <Filter>Заголовочные файлы</Filter>
    </ClInclude>
    <ClInclude Include="SigmaSymbol.h">
      <Filter>Заголовочные файлы</Filter>
    </ClInclude>
    <ClInclude Include="IndexSymbol.h">
      <Filter>Заголовочные файлы</Filter>
    </ClInclude>
    <ClInclude Include="instruments.h">
      <Filter>Заголовочные файлы</Filter>
    </ClInclude>
    <ClInclude Include="RootSymbol.h">
      <Filter>Заголовочные файлы</Filter>
    </ClInclude>
    <ClInclude Include="FunctionSymbol.h">
      <Filter>Заголовочные файлы</Filter>
    </ClInclude>
    <ClInclude Include="EditWindowDrawer.h">
      <Filter>Заголовочные файлы</Filter>
    </ClInclude>
    <ClInclude Include="PositionFinder.h">
      <Filter>Заголовочные файлы</Filter>
    </ClInclude>
    <ClInclude Include="SymbolPosition.h">
      <Filter>Заголовочные файлы</Filter>
    </ClInclude>
  </ItemGroup>
  <ItemGroup>
    <ResourceCompile Include="RibbonResource.rc">
      <Filter>Файлы ресурсов</Filter>
    </ResourceCompile>
  </ItemGroup>
  <ItemGroup>
    <Image Include="Res\sigma.bmp">
      <Filter>Файлы ресурсов</Filter>
    </Image>
    <Image Include="Res\fraction.bmp">
      <Filter>Файлы ресурсов</Filter>
    </Image>
    <Image Include="Res\upperIndex.bmp">
      <Filter>Файлы ресурсов</Filter>
    </Image>
    <Image Include="Res\lowerIndex.bmp">
      <Filter>Файлы ресурсов</Filter>
    </Image>
    <Image Include="Res\sqrt.bmp">
      <Filter>Файлы ресурсов</Filter>
    </Image>
    <Image Include="Res\pi_for_mult.bmp">
      <Filter>Файлы ресурсов</Filter>
    </Image>
    <Image Include="Res\func.bmp">
      <Filter>Файлы ресурсов</Filter>
    </Image>
    <Image Include="Res\accept.bmp">
      <Filter>Файлы ресурсов</Filter>
    </Image>
    <Image Include="Res\export.bmp">
      <Filter>Файлы ресурсов</Filter>
    </Image>
    <Image Include="Res\import.bmp">
      <Filter>Файлы ресурсов</Filter>
    </Image>
    <Image Include="Res\play.bmp">
      <Filter>Файлы ресурсов</Filter>
    </Image>
    <Image Include="Res\reject.bmp">
      <Filter>Файлы ресурсов</Filter>
    </Image>
  </ItemGroup>
  <ItemGroup>
    <None Include="Ribbon.bml">
      <Filter>Файлы ресурсов</Filter>
    </None>
    <None Include="RibbonMarkup.xml" />
  </ItemGroup>
</Project>